PODS:
  - DynamsoftBarcodeReader (0.1.0)

DEPENDENCIES:
  - DynamsoftBarcodeReader (from `../`)

EXTERNAL SOURCES:
  DynamsoftBarcodeReader:
    :path: "../"

SPEC CHECKSUMS:
  DynamsoftBarcodeReader: 4337d0a7486af052f5562062ff26dc34c5f1c1a1

PODFILE CHECKSUM: bcf814c949e1bcb1a4a4a6baf42041f197a6116c

COCOAPODS: 1.8.4
