PODS:
  - DynamsoftBarcodeReader (7.1.0)

DEPENDENCIES:
  - DynamsoftBarcodeReader (from `../`)

EXTERNAL SOURCES:
  DynamsoftBarcodeReader:
    :path: "../"

SPEC CHECKSUMS:
  DynamsoftBarcodeReader: 12c7614b65ade07888cc56e017948f2578e29af7

PODFILE CHECKSUM: bcf814c949e1bcb1a4a4a6baf42041f197a6116c

COCOAPODS: 1.8.4
